// !$*UTF8*$!
{
	archiveVersion = 1;
	classes = {
	};
	objectVersion = 46;
	objects = {

/* Begin PBXBuildFile section */
		780281BB1B28D1F800E2249C /* AppDelegate.swift in Sources */ = {isa = PBXBuildFile; fileRef = 780281BA1B28D1F800E2249C /* AppDelegate.swift */; };
		780281BD1B28D1F800E2249C /* ViewController.swift in Sources */ = {isa = PBXBuildFile; fileRef = 780281BC1B28D1F800E2249C /* ViewController.swift */; };
		780281C01B28D1F800E2249C /* Main.storyboard in Resources */ = {isa = PBXBuildFile; fileRef = 780281BE1B28D1F800E2249C /* Main.storyboard */; };
		780281C21B28D1F800E2249C /* Images.xcassets in Resources */ = {isa = PBXBuildFile; fileRef = 780281C11B28D1F800E2249C /* Images.xcassets */; };
		780281C51B28D1F800E2249C /* LaunchScreen.xib in Resources */ = {isa = PBXBuildFile; fileRef = 780281C31B28D1F800E2249C /* LaunchScreen.xib */; };
		780281D11B28D1F800E2249C /* PostcardTests.swift in Sources */ = {isa = PBXBuildFile; fileRef = 780281D01B28D1F800E2249C /* PostcardTests.swift */; };
/* End PBXBuildFile section */

/* Begin PBXContainerItemProxy section */
		780281CB1B28D1F800E2249C /* PBXContainerItemProxy */ = {
			isa = PBXContainerItemProxy;
			containerPortal = 780281AD1B28D1F800E2249C /* Project object */;
			proxyType = 1;
			remoteGlobalIDString = 780281B41B28D1F800E2249C;
			remoteInfo = Postcard;
		};
/* End PBXContainerItemProxy section */

/* Begin PBXFileReference section */
		780281B51B28D1F800E2249C /* Postcard.app */ = {isa = PBXFileReference; explicitFileType = wrapper.application; includeInIndex = 0; path = Postcard.app; sourceTree = BUILT_PRODUCTS_DIR; };
		780281B91B28D1F800E2249C /* Info.plist */ = {isa = PBXFileReference; lastKnownFileType = text.plist.xml; path = Info.plist; sourceTree = "<group>"; };
		780281BA1B28D1F800E2249C /* AppDelegate.swift */ = {isa = PBXFileReference; lastKnownFileType = sourcecode.swift; path = AppDelegate.swift; sourceTree = "<group>"; };
		780281BC1B28D1F800E2249C /* ViewController.swift */ = {isa = PBXFileReference; lastKnownFileType = sourcecode.swift; path = ViewController.swift; sourceTree = "<group>"; };
		780281BF1B28D1F800E2249C /* Base */ = {isa = PBXFileReference; lastKnownFileType = file.storyboard; name = Base; path = Base.lproj/Main.storyboard; sourceTree = "<group>"; };
		780281C11B28D1F800E2249C /* Images.xcassets */ = {isa = PBXFileReference; lastKnownFileType = folder.assetcatalog; path = Images.xcassets; sourceTree = "<group>"; };
		780281C41B28D1F800E2249C /* Base */ = {isa = PBXFileReference; lastKnownFileType = file.xib; name = Base; path = Base.lproj/LaunchScreen.xib; sourceTree = "<group>"; };
		780281CA1B28D1F800E2249C /* PostcardTests.xctest */ = {isa = PBXFileReference; explicitFileType = wrapper.cfbundle; includeInIndex = 0; path = PostcardTests.xctest; sourceTree = BUILT_PRODUCTS_DIR; };
		780281CF1B28D1F800E2249C /* Info.plist */ = {isa = PBXFileReference; lastKnownFileType = text.plist.xml; path = Info.plist; sourceTree = "<group>"; };
		780281D01B28D1F800E2249C /* PostcardTests.swift */ = {isa = PBXFileReference; lastKnownFileType = sourcecode.swift; path = PostcardTests.swift; sourceTree = "<group>"; };
/* End PBXFileReference section */

/* Begin PBXFrameworksBuildPhase section */
		780281B21B28D1F800E2249C /* Frameworks */ = {
			isa = PBXFrameworksBuildPhase;
			buildActionMask = 2147483647;
			files = (
			);
			runOnlyForDeploymentPostprocessing = 0;
		};
		780281C71B28D1F800E2249C /* Frameworks */ = {
			isa = PBXFrameworksBuildPhase;
			buildActionMask = 2147483647;
			files = (
			);
			runOnlyForDeploymentPostprocessing = 0;
		};
/* End PBXFrameworksBuildPhase section */

/* Begin PBXGroup section */
		780281AC1B28D1F700E2249C = {
			isa = PBXGroup;
			children = (
				780281B71B28D1F800E2249C /* Postcard */,
				780281CD1B28D1F800E2249C /* PostcardTests */,
				780281B61B28D1F800E2249C /* Products */,
			);
			sourceTree = "<group>";
		};
		780281B61B28D1F800E2249C /* Products */ = {
			isa = PBXGroup;
			children = (
				780281B51B28D1F800E2249C /* Postcard.app */,
				780281CA1B28D1F800E2249C /* PostcardTests.xctest */,
			);
			name = Products;
			sourceTree = "<group>";
		};
		780281B71B28D1F800E2249C /* Postcard */ = {
			isa = PBXGroup;
			children = (
				780281BA1B28D1F800E2249C /* AppDelegate.swift */,
				780281BC1B28D1F800E2249C /* ViewController.swift */,
				780281BE1B28D1F800E2249C /* Main.storyboard */,
				780281C11B28D1F800E2249C /* Images.xcassets */,
				780281C31B28D1F800E2249C /* LaunchScreen.xib */,
				780281B81B28D1F800E2249C /* Supporting Files */,
			);
			path = Postcard;
			sourceTree = "<group>";
		};
		780281B81B28D1F800E2249C /* Supporting Files */ = {
			isa = PBXGroup;
			children = (
				780281B91B28D1F800E2249C /* Info.plist */,
			);
			name = "Supporting Files";
			sourceTree = "<group>";
		};
		780281CD1B28D1F800E2249C /* PostcardTests */ = {
			isa = PBXGroup;
			children = (
				780281D01B28D1F800E2249C /* PostcardTests.swift */,
				780281CE1B28D1F800E2249C /* Supporting Files */,
			);
			path = PostcardTests;
			sourceTree = "<group>";
		};
		780281CE1B28D1F800E2249C /* Supporting Files */ = {
			isa = PBXGroup;
			children = (
				780281CF1B28D1F800E2249C /* Info.plist */,
			);
			name = "Supporting Files";
			sourceTree = "<group>";
		};
/* End PBXGroup section */

/* Begin PBXNativeTarget section */
		780281B41B28D1F800E2249C /* Postcard */ = {
			isa = PBXNativeTarget;
			buildConfigurationList = 780281D41B28D1F800E2249C /* Build configuration list for PBXNativeTarget "Postcard" */;
			buildPhases = (
				780281B11B28D1F800E2249C /* Sources */,
				780281B21B28D1F800E2249C /* Frameworks */,
				780281B31B28D1F800E2249C /* Resources */,
			);
			buildRules = (
			);
			dependencies = (
			);
			name = Postcard;
			productName = Postcard;
			productReference = 780281B51B28D1F800E2249C /* Postcard.app */;
			productType = "com.apple.product-type.application";
		};
		780281C91B28D1F800E2249C /* PostcardTests */ = {
			isa = PBXNativeTarget;
			buildConfigurationList = 780281D71B28D1F800E2249C /* Build configuration list for PBXNativeTarget "PostcardTests" */;
			buildPhases = (
				780281C61B28D1F800E2249C /* Sources */,
				780281C71B28D1F800E2249C /* Frameworks */,
				780281C81B28D1F800E2249C /* Resources */,
			);
			buildRules = (
			);
			dependencies = (
				780281CC1B28D1F800E2249C /* PBXTargetDependency */,
			);
			name = PostcardTests;
			productName = PostcardTests;
			productReference = 780281CA1B28D1F800E2249C /* PostcardTests.xctest */;
			productType = "com.apple.product-type.bundle.unit-test";
		};
/* End PBXNativeTarget section */

/* Begin PBXProject section */
		780281AD1B28D1F800E2249C /* Project object */ = {
			isa = PBXProject;
			attributes = {
				LastUpgradeCheck = 0630;
				ORGANIZATIONNAME = "Dhruv Mathur";
				TargetAttributes = {
					780281B41B28D1F800E2249C = {
						CreatedOnToolsVersion = 6.3.2;
					};
					780281C91B28D1F800E2249C = {
						CreatedOnToolsVersion = 6.3.2;
						TestTargetID = 780281B41B28D1F800E2249C;
					};
				};
			};
			buildConfigurationList = 780281B01B28D1F800E2249C /* Build configuration list for PBXProject "Postcard" */;
			compatibilityVersion = "Xcode 3.2";
			developmentRegion = English;
			hasScannedForEncodings = 0;
			knownRegions = (
				en,
				Base,
			);
			mainGroup = 780281AC1B28D1F700E2249C;
			productRefGroup = 780281B61B28D1F800E2249C /* Products */;
			projectDirPath = "";
			projectRoot = "";
			targets = (
				780281B41B28D1F800E2249C /* Postcard */,
				780281C91B28D1F800E2249C /* PostcardTests */,
			);
		};
/* End PBXProject section */

/* Begin PBXResourcesBuildPhase section */
		780281B31B28D1F800E2249C /* Resources */ = {
			isa = PBXResourcesBuildPhase;
			buildActionMask = 2147483647;
			files = (
				780281C01B28D1F800E2249C /* Main.storyboard in Resources */,
				780281C51B28D1F800E2249C /* LaunchScreen.xib in Resources */,
				780281C21B28D1F800E2249C /* Images.xcassets in Resources */,
			);
			runOnlyForDeploymentPostprocessing = 0;
		};
		780281C81B28D1F800E2249C /* Resources */ = {
			isa = PBXResourcesBuildPhase;
			buildActionMask = 2147483647;
			files = (
			);
			runOnlyForDeploymentPostprocessing = 0;
		};
/* End PBXResourcesBuildPhase section */

/* Begin PBXSourcesBuildPhase section */
		780281B11B28D1F800E2249C /* Sources */ = {
			isa = PBXSourcesBuildPhase;
			buildActionMask = 2147483647;
			files = (
				780281BD1B28D1F800E2249C /* ViewController.swift in Sources */,
				780281BB1B28D1F800E2249C /* AppDelegate.swift in Sources */,
			);
			runOnlyForDeploymentPostprocessing = 0;
		};
		780281C61B28D1F800E2249C /* Sources */ = {
			isa = PBXSourcesBuildPhase;
			buildActionMask = 2147483647;
			files = (
				780281D11B28D1F800E2249C /* PostcardTests.swift in Sources */,
			);
			runOnlyForDeploymentPostprocessing = 0;
		};
/* End PBXSourcesBuildPhase section */

/* Begin PBXTargetDependency section */
		780281CC1B28D1F800E2249C /* PBXTargetDependency */ = {
			isa = PBXTargetDependency;
			target = 780281B41B28D1F800E2249C /* Postcard */;
			targetProxy = 780281CB1B28D1F800E2249C /* PBXContainerItemProxy */;
		};
/* End PBXTargetDependency section */

/* Begin PBXVariantGroup section */
		780281BE1B28D1F800E2249C /* Main.storyboard */ = {
			isa = PBXVariantGroup;
			children = (
				780281BF1B28D1F800E2249C /* Base */,
			);
			name = Main.storyboard;
			sourceTree = "<group>";
		};
		780281C31B28D1F800E2249C /* LaunchScreen.xib */ = {
			isa = PBXVariantGroup;
			children = (
				780281C41B28D1F800E2249C /* Base */,
			);
			name = LaunchScreen.xib;
			sourceTree = "<group>";
		};
/* End PBXVariantGroup section */

/* Begin XCBuildConfiguration section */
		780281D21B28D1F800E2249C /* Debug */ = {
			isa = XCBuildConfiguration;
			buildSettings = {
				ALWAYS_SEARCH_USER_PATHS = NO;
				CLANG_CXX_LANGUAGE_STANDARD = "gnu++0x";
				CLANG_CXX_LIBRARY = "libc++";
				CLANG_ENABLE_MODULES = YES;
				CLANG_ENABLE_OBJC_ARC = YES;
				CLANG_WARN_BOOL_CONVERSION = YES;
				CLANG_WARN_CONSTANT_CONVERSION = YES;
				CLANG_WARN_DIRECT_OBJC_ISA_USAGE = YES_ERROR;
				CLANG_WARN_EMPTY_BODY = YES;
				CLANG_WARN_ENUM_CONVERSION = YES;
				CLANG_WARN_INT_CONVERSION = YES;
				CLANG_WARN_OBJC_ROOT_CLASS = YES_ERROR;
				CLANG_WARN_UNREACHABLE_CODE = YES;
				CLANG_WARN__DUPLICATE_METHOD_MATCH = YES;
				"CODE_SIGN_IDENTITY[sdk=iphoneos*]" = "iPhone Developer";
				COPY_PHASE_STRIP = NO;
				DEBUG_INFORMATION_FORMAT = "dwarf-with-dsym";
				ENABLE_STRICT_OBJC_MSGSEND = YES;
				GCC_C_LANGUAGE_STANDARD = gnu99;
				GCC_DYNAMIC_NO_PIC = NO;
				GCC_NO_COMMON_BLOCKS = YES;
				GCC_OPTIMIZATION_LEVEL = 0;
				GCC_PREPROCESSOR_DEFINITIONS = (
					"DEBUG=1",
					"$(inherited)",
				);
				GCC_SYMBOLS_PRIVATE_EXTERN = NO;
				GCC_WARN_64_TO_32_BIT_CONVERSION = YES;
				GCC_WARN_ABOUT_RETURN_TYPE = YES_ERROR;
				GCC_WARN_UNDECLARED_SELECTOR = YES;
				GCC_WARN_UNINITIALIZED_AUTOS = YES_AGGRESSIVE;
				GCC_WARN_UNUSED_FUNCTION = YES;
				GCC_WARN_UNUSED_VARIABLE = YES;
				IPHONEOS_DEPLOYMENT_TARGET = 8.3;
				MTL_ENABLE_DEBUG_INFO = YES;
				ONLY_ACTIVE_ARCH = YES;
				SDKROOT = iphoneos;
				SWIFT_OPTIMIZATION_LEVEL = "-Onone";
				TARGETED_DEVICE_FAMILY = "1,2";
			};
			name = Debug;
		};
		780281D31B28D1F800E2249C /* Release */ = {
			isa = XCBuildConfiguration;
			buildSettings = {
				ALWAYS_SEARCH_USER_PATHS = NO;
				CLANG_CXX_LANGUAGE_STANDARD = "gnu++0x";
				CLANG_CXX_LIBRARY = "libc++";
				CLANG_ENABLE_MODULES = YES;
				CLANG_ENABLE_OBJC_ARC = YES;
				CLANG_WARN_BOOL_CONVERSION = YES;
				CLANG_WARN_CONSTANT_CONVERSION = YES;
				CLANG_WARN_DIRECT_OBJC_ISA_USAGE = YES_ERROR;
				CLANG_WARN_EMPTY_BODY = YES;
				CLANG_WARN_ENUM_CONVERSION = YES;
				CLANG_WARN_INT_CONVERSION = YES;
				CLANG_WARN_OBJC_ROOT_CLASS = YES_ERROR;
				CLANG_WARN_UNREACHABLE_CODE = YES;
				CLANG_WARN__DUPLICATE_METHOD_MATCH = YES;
				"CODE_SIGN_IDENTITY[sdk=iphoneos*]" = "iPhone Developer";
				COPY_PHASE_STRIP = NO;
				DEBUG_INFORMATION_FORMAT = "dwarf-with-dsym";
				ENABLE_NS_ASSERTIONS = NO;
				ENABLE_STRICT_OBJC_MSGSEND = YES;
				GCC_C_LANGUAGE_STANDARD = gnu99;
				GCC_NO_COMMON_BLOCKS = YES;
				GCC_WARN_64_TO_32_BIT_CONVERSION = YES;
				GCC_WARN_ABOUT_RETURN_TYPE = YES_ERROR;
				GCC_WARN_UNDECLARED_SELECTOR = YES;
				GCC_WARN_UNINITIALIZED_AUTOS = YES_AGGRESSIVE;
				GCC_WARN_UNUSED_FUNCTION = YES;
				GCC_WARN_UNUSED_VARIABLE = YES;
				IPHONEOS_DEPLOYMENT_TARGET = 8.3;
				MTL_ENABLE_DEBUG_INFO = NO;
				SDKROOT = iphoneos;
				TARGETED_DEVICE_FAMILY = "1,2";
				VALIDATE_PRODUCT = YES;
			};
			name = Release;
		};
		780281D51B28D1F800E2249C /* Debug */ = {
			isa = XCBuildConfiguration;
			buildSettings = {
				ASSETCATALOG_COMPILER_APPICON_NAME = AppIcon;
				INFOPLIST_FILE = Postcard/Info.plist;
				LD_RUNPATH_SEARCH_PATHS = "$(inherited) @executable_path/Frameworks";
				PRODUCT_NAME = "$(TARGET_NAME)";
			};
			name = Debug;
		};
		780281D61B28D1F800E2249C /* Release */ = {
			isa = XCBuildConfiguration;
			buildSettings = {
				ASSETCATALOG_COMPILER_APPICON_NAME = AppIcon;
				INFOPLIST_FILE = Postcard/Info.plist;
				LD_RUNPATH_SEARCH_PATHS = "$(inherited) @executable_path/Frameworks";
				PRODUCT_NAME = "$(TARGET_NAME)";
			};
			name = Release;
		};
		780281D81B28D1F800E2249C /* Debug */ = {
			isa = XCBuildConfiguration;
			buildSettings = {
				BUNDLE_LOADER = "$(TEST_HOST)";
				FRAMEWORK_SEARCH_PATHS = (
					"$(SDKROOT)/Developer/Library/Frameworks",
					"$(inherited)",
				);
				GCC_PREPROCESSOR_DEFINITIONS = (
					"DEBUG=1",
					"$(inherited)",
				);
				INFOPLIST_FILE = PostcardTests/Info.plist;
				LD_RUNPATH_SEARCH_PATHS = "$(inherited) @executable_path/Frameworks @loader_path/Frameworks";
				PRODUCT_NAME = "$(TARGET_NAME)";
				TEST_HOST = "$(BUILT_PRODUCTS_DIR)/Postcard.app/Postcard";
			};
			name = Debug;
		};
		780281D91B28D1F800E2249C /* Release */ = {
			isa = XCBuildConfiguration;
			buildSettings = {
				BUNDLE_LOADER = "$(TEST_HOST)";
				FRAMEWORK_SEARCH_PATHS = (
					"$(SDKROOT)/Developer/Library/Frameworks",
					"$(inherited)",
				);
				INFOPLIST_FILE = PostcardTests/Info.plist;
				LD_RUNPATH_SEARCH_PATHS = "$(inherited) @executable_path/Frameworks @loader_path/Frameworks";
				PRODUCT_NAME = "$(TARGET_NAME)";
				TEST_HOST = "$(BUILT_PRODUCTS_DIR)/Postcard.app/Postcard";
			};
			name = Release;
		};
/* End XCBuildConfiguration section */

/* Begin XCConfigurationList section */
		780281B01B28D1F800E2249C /* Build configuration list for PBXProject "Postcard" */ = {
			isa = XCConfigurationList;
			buildConfigurations = (
				780281D21B28D1F800E2249C /* Debug */,
				780281D31B28D1F800E2249C /* Release */,
			);
			defaultConfigurationIsVisible = 0;
			defaultConfigurationName = Release;
		};
		780281D41B28D1F800E2249C /* Build configuration list for PBXNativeTarget "Postcard" */ = {
			isa = XCConfigurationList;
			buildConfigurations = (
				780281D51B28D1F800E2249C /* Debug */,
				780281D61B28D1F800E2249C /* Release */,
			);
			defaultConfigurationIsVisible = 0;
		};
		780281D71B28D1F800E2249C /* Build configuration list for PBXNativeTarget "PostcardTests" */ = {
			isa = XCConfigurationList;
			buildConfigurations = (
				780281D81B28D1F800E2249C /* Debug */,
				780281D91B28D1F800E2249C /* Release */,
			);
			defaultConfigurationIsVisible = 0;
		};
/* End XCConfigurationList section */
	};
	rootObject = 780281AD1B28D1F800E2249C /* Project object */;
}
